
Microsoft Visual Studio Solution File, Format Version 12.00
# Visual Studio Version 17
VisualStudioVersion = 17.10.35004.147
MinimumVisualStudioVersion = 10.0.40219.1
Project("{FAE04EC0-301F-11D3-BF4B-00C04F79EFBC}") = "Система учета WPF", "Система учета WPF\Система учета WPF.csproj", "{3D4313D7-3FB3-41EC-97B6-35508EF4B34E}"
EndProject
Global
	GlobalSection(SolutionConfigurationPlatforms) = preSolution
		Debug|Any CPU = Debug|Any CPU
		Release|Any CPU = Release|Any CPU
	EndGlobalSection
	GlobalSection(ProjectConfigurationPlatforms) = postSolution
		{3D4313D7-3FB3-41EC-97B6-35508EF4B34E}.Debug|Any CPU.ActiveCfg = Debug|Any CPU
		{3D4313D7-3FB3-41EC-97B6-35508EF4B34E}.Debug|Any CPU.Build.0 = Debug|Any CPU
		{3D4313D7-3FB3-41EC-97B6-35508EF4B34E}.Release|Any CPU.ActiveCfg = Release|Any CPU
		{3D4313D7-3FB3-41EC-97B6-35508EF4B34E}.Release|Any CPU.Build.0 = Release|Any CPU
	EndGlobalSection
	GlobalSection(SolutionProperties) = preSolution
		HideSolutionNode = FALSE
	EndGlobalSection
	GlobalSection(ExtensibilityGlobals) = postSolution
		SolutionGuid = {3A12A4C4-385A-41D1-8528-B1751E58DBC2}
	EndGlobalSection
EndGlobal
